
Microsoft Visual Studio Solution File, Format Version 12.00
# Visual Studio Version 17
VisualStudioVersion = 17.5.33502.453
MinimumVisualStudioVersion = 10.0.40219.1
Project("{9A19103F-16F7-4668-BE54-9A1E7A4F7556}") = "BoraApi", "BoraApi\BoraApi.csproj", "{63601E68-916F-4DFC-80DD-F038B0A37A5B}"
EndProject
Project("{9A19103F-16F7-4668-BE54-9A1E7A4F7556}") = "Bora.Tests.Unit", "Bora.Tests.Unit\Bora.Tests.Unit.csproj", "{7A4B8C7B-D657-4353-B2C5-C1E58A9B200F}"
EndProject
Project("{9A19103F-16F7-4668-BE54-9A1E7A4F7556}") = "Bora", "Bora\Bora.csproj", "{E3A5A068-DA66-4453-A2EB-007764DE3301}"
EndProject
Project("{9A19103F-16F7-4668-BE54-9A1E7A4F7556}") = "Spotify", "Spotify\Spotify.csproj", "{43228134-FCCF-4E48-B754-D735EEAF5600}"
EndProject
Project("{2150E333-8FDC-42A3-9474-1A3956D46DE8}") = "Solution Items", "Solution Items", "{2FA9FAF1-5F0E-4ECF-8AF4-044A515F78C9}"
	ProjectSection(SolutionItems) = preProject
		.dockerignore = .dockerignore
		.gitignore = .gitignore
		.github\workflows\deploy_docker_containerapp.yml = .github\workflows\deploy_docker_containerapp.yml
		.github\workflows\deploy_docker_ecs.yml = .github\workflows\deploy_docker_ecs.yml
		.github\workflows\deploy_docker_webapp.yml = .github\workflows\deploy_docker_webapp.yml
		.github\workflows\deploy_dotnet_webapp.yml = .github\workflows\deploy_dotnet_webapp.yml
		docker.env = docker.env
		Dockerfile = Dockerfile
		docker_run.cmd = docker_run.cmd
		ecs-task-definition.json = ecs-task-definition.json
		README.md = README.md
	EndProjectSection
EndProject
Project("{9A19103F-16F7-4668-BE54-9A1E7A4F7556}") = "Bora.Repository.EFCore", "Bora.Repository.EFCore\Bora.Repository.EFCore.csproj", "{BE7194AE-D183-4532-A288-A09D73461519}"
EndProject
Project("{FAE04EC0-301F-11D3-BF4B-00C04F79EFBC}") = "Bora.Repository.Dapper", "Bora.Repository.Dapper\Bora.Repository.Dapper.csproj", "{7F1BAF6C-32C3-4492-A20C-AA4E462E202E}"
EndProject
Global
	GlobalSection(SolutionConfigurationPlatforms) = preSolution
		Debug|Any CPU = Debug|Any CPU
		Release|Any CPU = Release|Any CPU
	EndGlobalSection
	GlobalSection(ProjectConfigurationPlatforms) = postSolution
		{63601E68-916F-4DFC-80DD-F038B0A37A5B}.Debug|Any CPU.ActiveCfg = Debug|Any CPU
		{63601E68-916F-4DFC-80DD-F038B0A37A5B}.Debug|Any CPU.Build.0 = Debug|Any CPU
		{63601E68-916F-4DFC-80DD-F038B0A37A5B}.Release|Any CPU.ActiveCfg = Release|Any CPU
		{63601E68-916F-4DFC-80DD-F038B0A37A5B}.Release|Any CPU.Build.0 = Release|Any CPU
		{7A4B8C7B-D657-4353-B2C5-C1E58A9B200F}.Debug|Any CPU.ActiveCfg = Debug|Any CPU
		{7A4B8C7B-D657-4353-B2C5-C1E58A9B200F}.Debug|Any CPU.Build.0 = Debug|Any CPU
		{7A4B8C7B-D657-4353-B2C5-C1E58A9B200F}.Release|Any CPU.ActiveCfg = Release|Any CPU
		{7A4B8C7B-D657-4353-B2C5-C1E58A9B200F}.Release|Any CPU.Build.0 = Release|Any CPU
		{E3A5A068-DA66-4453-A2EB-007764DE3301}.Debug|Any CPU.ActiveCfg = Debug|Any CPU
		{E3A5A068-DA66-4453-A2EB-007764DE3301}.Debug|Any CPU.Build.0 = Debug|Any CPU
		{E3A5A068-DA66-4453-A2EB-007764DE3301}.Release|Any CPU.ActiveCfg = Release|Any CPU
		{E3A5A068-DA66-4453-A2EB-007764DE3301}.Release|Any CPU.Build.0 = Release|Any CPU
		{43228134-FCCF-4E48-B754-D735EEAF5600}.Debug|Any CPU.ActiveCfg = Debug|Any CPU
		{43228134-FCCF-4E48-B754-D735EEAF5600}.Debug|Any CPU.Build.0 = Debug|Any CPU
		{43228134-FCCF-4E48-B754-D735EEAF5600}.Release|Any CPU.ActiveCfg = Release|Any CPU
		{43228134-FCCF-4E48-B754-D735EEAF5600}.Release|Any CPU.Build.0 = Release|Any CPU
		{BE7194AE-D183-4532-A288-A09D73461519}.Debug|Any CPU.ActiveCfg = Debug|Any CPU
		{BE7194AE-D183-4532-A288-A09D73461519}.Debug|Any CPU.Build.0 = Debug|Any CPU
		{BE7194AE-D183-4532-A288-A09D73461519}.Release|Any CPU.ActiveCfg = Release|Any CPU
		{BE7194AE-D183-4532-A288-A09D73461519}.Release|Any CPU.Build.0 = Release|Any CPU
		{7F1BAF6C-32C3-4492-A20C-AA4E462E202E}.Debug|Any CPU.ActiveCfg = Debug|Any CPU
		{7F1BAF6C-32C3-4492-A20C-AA4E462E202E}.Debug|Any CPU.Build.0 = Debug|Any CPU
		{7F1BAF6C-32C3-4492-A20C-AA4E462E202E}.Release|Any CPU.ActiveCfg = Release|Any CPU
		{7F1BAF6C-32C3-4492-A20C-AA4E462E202E}.Release|Any CPU.Build.0 = Release|Any CPU
	EndGlobalSection
	GlobalSection(SolutionProperties) = preSolution
		HideSolutionNode = FALSE
	EndGlobalSection
	GlobalSection(ExtensibilityGlobals) = postSolution
		SolutionGuid = {47E3C19D-C3A4-4FF0-B287-C040C194D358}
	EndGlobalSection
EndGlobal
